
Microsoft Visual Studio Solution File, Format Version 12.00
# Visual Studio Version 16
VisualStudioVersion = 16.0.30413.136
MinimumVisualStudioVersion = 10.0.40219.1
Project("{FAE04EC0-301F-11D3-BF4B-00C04F79EFBC}") = "JuegoPolimorfismo", "JuegoPolimorfismo\JuegoPolimorfismo.csproj", "{EAF87B91-32AE-42B7-82F0-545078F457D2}"
EndProject
Project("{FAE04EC0-301F-11D3-BF4B-00C04F79EFBC}") = "Entidades", "Entidades\Entidades.csproj", "{51FDF9E5-5DC8-4303-BD94-13ADF25968BE}"
EndProject
Project("{FAE04EC0-301F-11D3-BF4B-00C04F79EFBC}") = "TestUnitario", "TestUnitario\TestUnitario.csproj", "{61A30681-C25E-499A-99EB-B327EDE21FAE}"
EndProject
Global
	GlobalSection(SolutionConfigurationPlatforms) = preSolution
		Debug|Any CPU = Debug|Any CPU
		Release|Any CPU = Release|Any CPU
	EndGlobalSection
	GlobalSection(ProjectConfigurationPlatforms) = postSolution
		{EAF87B91-32AE-42B7-82F0-545078F457D2}.Debug|Any CPU.ActiveCfg = Debug|Any CPU
		{EAF87B91-32AE-42B7-82F0-545078F457D2}.Debug|Any CPU.Build.0 = Debug|Any CPU
		{EAF87B91-32AE-42B7-82F0-545078F457D2}.Release|Any CPU.ActiveCfg = Release|Any CPU
		{EAF87B91-32AE-42B7-82F0-545078F457D2}.Release|Any CPU.Build.0 = Release|Any CPU
		{51FDF9E5-5DC8-4303-BD94-13ADF25968BE}.Debug|Any CPU.ActiveCfg = Debug|Any CPU
		{51FDF9E5-5DC8-4303-BD94-13ADF25968BE}.Debug|Any CPU.Build.0 = Debug|Any CPU
		{51FDF9E5-5DC8-4303-BD94-13ADF25968BE}.Release|Any CPU.ActiveCfg = Release|Any CPU
		{51FDF9E5-5DC8-4303-BD94-13ADF25968BE}.Release|Any CPU.Build.0 = Release|Any CPU
		{61A30681-C25E-499A-99EB-B327EDE21FAE}.Debug|Any CPU.ActiveCfg = Debug|Any CPU
		{61A30681-C25E-499A-99EB-B327EDE21FAE}.Debug|Any CPU.Build.0 = Debug|Any CPU
		{61A30681-C25E-499A-99EB-B327EDE21FAE}.Release|Any CPU.ActiveCfg = Release|Any CPU
		{61A30681-C25E-499A-99EB-B327EDE21FAE}.Release|Any CPU.Build.0 = Release|Any CPU
	EndGlobalSection
	GlobalSection(SolutionProperties) = preSolution
		HideSolutionNode = FALSE
	EndGlobalSection
	GlobalSection(ExtensibilityGlobals) = postSolution
		SolutionGuid = {6EBA029C-33A6-429B-BD74-B553A4D91F2B}
	EndGlobalSection
EndGlobal
