
Microsoft Visual Studio Solution File, Format Version 12.00
# Visual Studio Version 16
VisualStudioVersion = 16.0.30621.155
MinimumVisualStudioVersion = 10.0.40219.1
Project("{FAE04EC0-301F-11D3-BF4B-00C04F79EFBC}") = "Login", "Login\Login.csproj", "{11B26E70-6F1D-4E31-9CCF-7F02682BC654}"
EndProject
Global
	GlobalSection(SolutionConfigurationPlatforms) = preSolution
		Debug|Any CPU = Debug|Any CPU
		Release|Any CPU = Release|Any CPU
	EndGlobalSection
	GlobalSection(ProjectConfigurationPlatforms) = postSolution
		{11B26E70-6F1D-4E31-9CCF-7F02682BC654}.Debug|Any CPU.ActiveCfg = Debug|Any CPU
		{11B26E70-6F1D-4E31-9CCF-7F02682BC654}.Debug|Any CPU.Build.0 = Debug|Any CPU
		{11B26E70-6F1D-4E31-9CCF-7F02682BC654}.Release|Any CPU.ActiveCfg = Release|Any CPU
		{11B26E70-6F1D-4E31-9CCF-7F02682BC654}.Release|Any CPU.Build.0 = Release|Any CPU
	EndGlobalSection
	GlobalSection(SolutionProperties) = preSolution
		HideSolutionNode = FALSE
	EndGlobalSection
	GlobalSection(ExtensibilityGlobals) = postSolution
		SolutionGuid = {ACB98B07-C670-444B-90B9-DA47C31D6E59}
	EndGlobalSection
EndGlobal
