
Microsoft Visual Studio Solution File, Format Version 12.00
# Visual Studio Version 16
VisualStudioVersion = 16.0.30413.136
MinimumVisualStudioVersion = 10.0.40219.1
Project("{FAE04EC0-301F-11D3-BF4B-00C04F79EFBC}") = "Entidades", "Ejercicio Nro 48\Entidades.csproj", "{A989F3E8-3A4C-48F2-A8B1-140849543DEF}"
EndProject
Project("{FAE04EC0-301F-11D3-BF4B-00C04F79EFBC}") = "TestUnitario", "TestUnitario\TestUnitario.csproj", "{11AEF5C9-6E1E-4F3E-8F4F-FA7BF089917F}"
EndProject
Project("{FAE04EC0-301F-11D3-BF4B-00C04F79EFBC}") = "Test", "Test\Test.csproj", "{7D7AD855-E9D8-4DDA-B81A-06ED54961912}"
EndProject
Global
	GlobalSection(SolutionConfigurationPlatforms) = preSolution
		Debug|Any CPU = Debug|Any CPU
		Release|Any CPU = Release|Any CPU
	EndGlobalSection
	GlobalSection(ProjectConfigurationPlatforms) = postSolution
		{A989F3E8-3A4C-48F2-A8B1-140849543DEF}.Debug|Any CPU.ActiveCfg = Debug|Any CPU
		{A989F3E8-3A4C-48F2-A8B1-140849543DEF}.Debug|Any CPU.Build.0 = Debug|Any CPU
		{A989F3E8-3A4C-48F2-A8B1-140849543DEF}.Release|Any CPU.ActiveCfg = Release|Any CPU
		{A989F3E8-3A4C-48F2-A8B1-140849543DEF}.Release|Any CPU.Build.0 = Release|Any CPU
		{11AEF5C9-6E1E-4F3E-8F4F-FA7BF089917F}.Debug|Any CPU.ActiveCfg = Debug|Any CPU
		{11AEF5C9-6E1E-4F3E-8F4F-FA7BF089917F}.Debug|Any CPU.Build.0 = Debug|Any CPU
		{11AEF5C9-6E1E-4F3E-8F4F-FA7BF089917F}.Release|Any CPU.ActiveCfg = Release|Any CPU
		{11AEF5C9-6E1E-4F3E-8F4F-FA7BF089917F}.Release|Any CPU.Build.0 = Release|Any CPU
		{7D7AD855-E9D8-4DDA-B81A-06ED54961912}.Debug|Any CPU.ActiveCfg = Debug|Any CPU
		{7D7AD855-E9D8-4DDA-B81A-06ED54961912}.Debug|Any CPU.Build.0 = Debug|Any CPU
		{7D7AD855-E9D8-4DDA-B81A-06ED54961912}.Release|Any CPU.ActiveCfg = Release|Any CPU
		{7D7AD855-E9D8-4DDA-B81A-06ED54961912}.Release|Any CPU.Build.0 = Release|Any CPU
	EndGlobalSection
	GlobalSection(SolutionProperties) = preSolution
		HideSolutionNode = FALSE
	EndGlobalSection
	GlobalSection(ExtensibilityGlobals) = postSolution
		SolutionGuid = {0D5CCD23-14D7-4E31-A03C-2EAA45C0C536}
	EndGlobalSection
EndGlobal
