
Microsoft Visual Studio Solution File, Format Version 12.00
# Visual Studio Version 16
VisualStudioVersion = 16.0.30621.155
MinimumVisualStudioVersion = 10.0.40219.1
Project("{FAE04EC0-301F-11D3-BF4B-00C04F79EFBC}") = "Entidades", "Entidades\Entidades.csproj", "{AF99182B-CB9E-4D8F-880B-6F0E182E7335}"
EndProject
Project("{FAE04EC0-301F-11D3-BF4B-00C04F79EFBC}") = "Test", "Test\Test.csproj", "{454EF224-3009-4364-A8E8-40B7C33E20BE}"
EndProject
Global
	GlobalSection(SolutionConfigurationPlatforms) = preSolution
		Debug|Any CPU = Debug|Any CPU
		Release|Any CPU = Release|Any CPU
	EndGlobalSection
	GlobalSection(ProjectConfigurationPlatforms) = postSolution
		{AF99182B-CB9E-4D8F-880B-6F0E182E7335}.Debug|Any CPU.ActiveCfg = Debug|Any CPU
		{AF99182B-CB9E-4D8F-880B-6F0E182E7335}.Debug|Any CPU.Build.0 = Debug|Any CPU
		{AF99182B-CB9E-4D8F-880B-6F0E182E7335}.Release|Any CPU.ActiveCfg = Release|Any CPU
		{AF99182B-CB9E-4D8F-880B-6F0E182E7335}.Release|Any CPU.Build.0 = Release|Any CPU
		{454EF224-3009-4364-A8E8-40B7C33E20BE}.Debug|Any CPU.ActiveCfg = Debug|Any CPU
		{454EF224-3009-4364-A8E8-40B7C33E20BE}.Debug|Any CPU.Build.0 = Debug|Any CPU
		{454EF224-3009-4364-A8E8-40B7C33E20BE}.Release|Any CPU.ActiveCfg = Release|Any CPU
		{454EF224-3009-4364-A8E8-40B7C33E20BE}.Release|Any CPU.Build.0 = Release|Any CPU
	EndGlobalSection
	GlobalSection(SolutionProperties) = preSolution
		HideSolutionNode = FALSE
	EndGlobalSection
	GlobalSection(ExtensibilityGlobals) = postSolution
		SolutionGuid = {88CED552-A354-42BF-9F79-C87D2C789507}
	EndGlobalSection
EndGlobal
