
Microsoft Visual Studio Solution File, Format Version 12.00
# Visual Studio Version 16
VisualStudioVersion = 16.0.30413.136
MinimumVisualStudioVersion = 10.0.40219.1
Project("{FAE04EC0-301F-11D3-BF4B-00C04F79EFBC}") = "Ejercicio Nro 42", "Ejercicio Nro 42\Ejercicio Nro 42.csproj", "{30B40CB7-0D82-405D-B25A-FCDD76B3DA6B}"
EndProject
Global
	GlobalSection(SolutionConfigurationPlatforms) = preSolution
		Debug|Any CPU = Debug|Any CPU
		Release|Any CPU = Release|Any CPU
	EndGlobalSection
	GlobalSection(ProjectConfigurationPlatforms) = postSolution
		{30B40CB7-0D82-405D-B25A-FCDD76B3DA6B}.Debug|Any CPU.ActiveCfg = Debug|Any CPU
		{30B40CB7-0D82-405D-B25A-FCDD76B3DA6B}.Debug|Any CPU.Build.0 = Debug|Any CPU
		{30B40CB7-0D82-405D-B25A-FCDD76B3DA6B}.Release|Any CPU.ActiveCfg = Release|Any CPU
		{30B40CB7-0D82-405D-B25A-FCDD76B3DA6B}.Release|Any CPU.Build.0 = Release|Any CPU
	EndGlobalSection
	GlobalSection(SolutionProperties) = preSolution
		HideSolutionNode = FALSE
	EndGlobalSection
	GlobalSection(ExtensibilityGlobals) = postSolution
		SolutionGuid = {7C70AFE1-4C55-4038-8690-04DCD1616F7C}
	EndGlobalSection
EndGlobal
