
Microsoft Visual Studio Solution File, Format Version 12.00
# Visual Studio Version 16
VisualStudioVersion = 16.0.30413.136
MinimumVisualStudioVersion = 10.0.40219.1
Project("{FAE04EC0-301F-11D3-BF4B-00C04F79EFBC}") = "Ejercicio Nro 19", "Ejercicio Nro 19\Ejercicio Nro 19.csproj", "{6DA76CFB-CA0D-44AF-87C3-6A6E590A2EED}"
EndProject
Global
	GlobalSection(SolutionConfigurationPlatforms) = preSolution
		Debug|Any CPU = Debug|Any CPU
		Release|Any CPU = Release|Any CPU
	EndGlobalSection
	GlobalSection(ProjectConfigurationPlatforms) = postSolution
		{6DA76CFB-CA0D-44AF-87C3-6A6E590A2EED}.Debug|Any CPU.ActiveCfg = Debug|Any CPU
		{6DA76CFB-CA0D-44AF-87C3-6A6E590A2EED}.Debug|Any CPU.Build.0 = Debug|Any CPU
		{6DA76CFB-CA0D-44AF-87C3-6A6E590A2EED}.Release|Any CPU.ActiveCfg = Release|Any CPU
		{6DA76CFB-CA0D-44AF-87C3-6A6E590A2EED}.Release|Any CPU.Build.0 = Release|Any CPU
	EndGlobalSection
	GlobalSection(SolutionProperties) = preSolution
		HideSolutionNode = FALSE
	EndGlobalSection
	GlobalSection(ExtensibilityGlobals) = postSolution
		SolutionGuid = {480EDA2A-CC8C-45CB-8125-B81BD1A62183}
	EndGlobalSection
EndGlobal
