
Microsoft Visual Studio Solution File, Format Version 12.00
# Visual Studio Version 16
VisualStudioVersion = 16.0.30413.136
MinimumVisualStudioVersion = 10.0.40219.1
Project("{FAE04EC0-301F-11D3-BF4B-00C04F79EFBC}") = "Clase03", "Clase03\Clase03.csproj", "{F20E4371-8BB0-49CF-9F48-1D43BC5F2899}"
EndProject
Global
	GlobalSection(SolutionConfigurationPlatforms) = preSolution
		Debug|Any CPU = Debug|Any CPU
		Release|Any CPU = Release|Any CPU
	EndGlobalSection
	GlobalSection(ProjectConfigurationPlatforms) = postSolution
		{F20E4371-8BB0-49CF-9F48-1D43BC5F2899}.Debug|Any CPU.ActiveCfg = Debug|Any CPU
		{F20E4371-8BB0-49CF-9F48-1D43BC5F2899}.Debug|Any CPU.Build.0 = Debug|Any CPU
		{F20E4371-8BB0-49CF-9F48-1D43BC5F2899}.Release|Any CPU.ActiveCfg = Release|Any CPU
		{F20E4371-8BB0-49CF-9F48-1D43BC5F2899}.Release|Any CPU.Build.0 = Release|Any CPU
	EndGlobalSection
	GlobalSection(SolutionProperties) = preSolution
		HideSolutionNode = FALSE
	EndGlobalSection
	GlobalSection(ExtensibilityGlobals) = postSolution
		SolutionGuid = {7AC775F2-5841-4BDD-A799-A56357190C23}
	EndGlobalSection
EndGlobal
