
Microsoft Visual Studio Solution File, Format Version 12.00
# Visual Studio Version 16
VisualStudioVersion = 16.0.30413.136
MinimumVisualStudioVersion = 10.0.40219.1
Project("{FAE04EC0-301F-11D3-BF4B-00C04F79EFBC}") = "Ejercicio Nro 7", "Ejercicio Nro 7\Ejercicio Nro 7.csproj", "{E83C1F7E-579C-4119-B30B-FA964933D505}"
EndProject
Global
	GlobalSection(SolutionConfigurationPlatforms) = preSolution
		Debug|Any CPU = Debug|Any CPU
		Release|Any CPU = Release|Any CPU
	EndGlobalSection
	GlobalSection(ProjectConfigurationPlatforms) = postSolution
		{E83C1F7E-579C-4119-B30B-FA964933D505}.Debug|Any CPU.ActiveCfg = Debug|Any CPU
		{E83C1F7E-579C-4119-B30B-FA964933D505}.Debug|Any CPU.Build.0 = Debug|Any CPU
		{E83C1F7E-579C-4119-B30B-FA964933D505}.Release|Any CPU.ActiveCfg = Release|Any CPU
		{E83C1F7E-579C-4119-B30B-FA964933D505}.Release|Any CPU.Build.0 = Release|Any CPU
	EndGlobalSection
	GlobalSection(SolutionProperties) = preSolution
		HideSolutionNode = FALSE
	EndGlobalSection
	GlobalSection(ExtensibilityGlobals) = postSolution
		SolutionGuid = {6F8A587E-7994-40E5-8D45-3FB2F7520675}
	EndGlobalSection
EndGlobal
